{
  "name": "02",
  "lockfileVersion": 3,
  "requires": true,
  "packages": {
    "": {
      "devDependencies": {
        "@types/node": "^18.14.0",
        "core-js": "^3.28.0"
      }
    },
    "node_modules/@types/node": {
      "version": "18.14.0",
      "resolved": "https://registry.npmjs.org/@types/node/-/node-18.14.0.tgz",
      "integrity": "sha512-5EWrvLmglK+imbCJY0+INViFWUHg1AHel1sq4ZVSfdcNqGy9Edv3UB9IIzzg+xPaUcAgZYcfVs2fBcwDeZzU0A==",
      "dev": true
    },
    "node_modules/core-js": {
      "version": "3.28.0",
      "resolved": "https://registry.npmjs.org/core-js/-/core-js-3.28.0.tgz",
      "integrity": "sha512-GiZn9D4Z/rSYvTeg1ljAIsEqFm0LaN9gVtwDCrKL80zHtS31p9BAjmTxVqTQDMpwlMolJZOFntUG2uwyj7DAqw==",
      "dev": true,
      "hasInstallScript": true,
      "funding": {
        "type": "opencollective",
        "url": "https://opencollective.com/core-js"
      }
    }
  }
}
