
Microsoft Visual Studio Solution File, Format Version 12.00
# Visual Studio Version 17
VisualStudioVersion = 17.3.32825.248
MinimumVisualStudioVersion = 10.0.40219.1
Project("{FAE04EC0-301F-11D3-BF4B-00C04F79EFBC}") = "OOP10", "OOP10\OOP10.csproj", "{EE6A228E-26A8-48C3-A9D3-79D16A07FC42}"
EndProject
Global
	GlobalSection(SolutionConfigurationPlatforms) = preSolution
		Debug|Any CPU = Debug|Any CPU
		Release|Any CPU = Release|Any CPU
	EndGlobalSection
	GlobalSection(ProjectConfigurationPlatforms) = postSolution
		{EE6A228E-26A8-48C3-A9D3-79D16A07FC42}.Debug|Any CPU.ActiveCfg = Debug|Any CPU
		{EE6A228E-26A8-48C3-A9D3-79D16A07FC42}.Debug|Any CPU.Build.0 = Debug|Any CPU
		{EE6A228E-26A8-48C3-A9D3-79D16A07FC42}.Release|Any CPU.ActiveCfg = Release|Any CPU
		{EE6A228E-26A8-48C3-A9D3-79D16A07FC42}.Release|Any CPU.Build.0 = Release|Any CPU
	EndGlobalSection
	GlobalSection(SolutionProperties) = preSolution
		HideSolutionNode = FALSE
	EndGlobalSection
	GlobalSection(ExtensibilityGlobals) = postSolution
		SolutionGuid = {033B9300-08A1-426F-8D31-4031751B8847}
	EndGlobalSection
EndGlobal
