
Microsoft Visual Studio Solution File, Format Version 12.00
# Visual Studio Version 17
VisualStudioVersion = 17.3.32825.248
MinimumVisualStudioVersion = 10.0.40219.1
Project("{FAE04EC0-301F-11D3-BF4B-00C04F79EFBC}") = "OOP11", "OOP11\OOP11.csproj", "{4596602C-71B3-46E9-BD0A-DFC54E5A95BA}"
EndProject
Global
	GlobalSection(SolutionConfigurationPlatforms) = preSolution
		Debug|Any CPU = Debug|Any CPU
		Release|Any CPU = Release|Any CPU
	EndGlobalSection
	GlobalSection(ProjectConfigurationPlatforms) = postSolution
		{4596602C-71B3-46E9-BD0A-DFC54E5A95BA}.Debug|Any CPU.ActiveCfg = Debug|Any CPU
		{4596602C-71B3-46E9-BD0A-DFC54E5A95BA}.Debug|Any CPU.Build.0 = Debug|Any CPU
		{4596602C-71B3-46E9-BD0A-DFC54E5A95BA}.Release|Any CPU.ActiveCfg = Release|Any CPU
		{4596602C-71B3-46E9-BD0A-DFC54E5A95BA}.Release|Any CPU.Build.0 = Release|Any CPU
	EndGlobalSection
	GlobalSection(SolutionProperties) = preSolution
		HideSolutionNode = FALSE
	EndGlobalSection
	GlobalSection(ExtensibilityGlobals) = postSolution
		SolutionGuid = {27004777-E60B-425A-80E1-65B42C467363}
	EndGlobalSection
EndGlobal
