
Microsoft Visual Studio Solution File, Format Version 12.00
# Visual Studio Version 17
VisualStudioVersion = 17.3.32825.248
MinimumVisualStudioVersion = 10.0.40219.1
Project("{FAE04EC0-301F-11D3-BF4B-00C04F79EFBC}") = "OOP19", "OOP19\OOP19.csproj", "{0D34685F-E56E-4E20-A01D-DAD7CE2F2851}"
EndProject
Global
	GlobalSection(SolutionConfigurationPlatforms) = preSolution
		Debug|Any CPU = Debug|Any CPU
		Release|Any CPU = Release|Any CPU
	EndGlobalSection
	GlobalSection(ProjectConfigurationPlatforms) = postSolution
		{0D34685F-E56E-4E20-A01D-DAD7CE2F2851}.Debug|Any CPU.ActiveCfg = Debug|Any CPU
		{0D34685F-E56E-4E20-A01D-DAD7CE2F2851}.Debug|Any CPU.Build.0 = Debug|Any CPU
		{0D34685F-E56E-4E20-A01D-DAD7CE2F2851}.Release|Any CPU.ActiveCfg = Release|Any CPU
		{0D34685F-E56E-4E20-A01D-DAD7CE2F2851}.Release|Any CPU.Build.0 = Release|Any CPU
	EndGlobalSection
	GlobalSection(SolutionProperties) = preSolution
		HideSolutionNode = FALSE
	EndGlobalSection
	GlobalSection(ExtensibilityGlobals) = postSolution
		SolutionGuid = {6BDB7CE5-4B5D-459A-9AC0-CE0BFEB28213}
	EndGlobalSection
EndGlobal
