
Microsoft Visual Studio Solution File, Format Version 12.00
# Visual Studio Version 17
VisualStudioVersion = 17.11.35222.181
MinimumVisualStudioVersion = 10.0.40219.1
Project("{FAE04EC0-301F-11D3-BF4B-00C04F79EFBC}") = "01", "01.csproj", "{80CC46CB-C987-48BA-8D2F-B05CAD0B2605}"
EndProject
Global
	GlobalSection(SolutionConfigurationPlatforms) = preSolution
		Debug|Any CPU = Debug|Any CPU
		Release|Any CPU = Release|Any CPU
	EndGlobalSection
	GlobalSection(ProjectConfigurationPlatforms) = postSolution
		{80CC46CB-C987-48BA-8D2F-B05CAD0B2605}.Debug|Any CPU.ActiveCfg = Debug|Any CPU
		{80CC46CB-C987-48BA-8D2F-B05CAD0B2605}.Debug|Any CPU.Build.0 = Debug|Any CPU
		{80CC46CB-C987-48BA-8D2F-B05CAD0B2605}.Release|Any CPU.ActiveCfg = Release|Any CPU
		{80CC46CB-C987-48BA-8D2F-B05CAD0B2605}.Release|Any CPU.Build.0 = Release|Any CPU
	EndGlobalSection
	GlobalSection(SolutionProperties) = preSolution
		HideSolutionNode = FALSE
	EndGlobalSection
	GlobalSection(ExtensibilityGlobals) = postSolution
		SolutionGuid = {E409CB6A-9068-49F6-82B6-CDCBC27236BF}
	EndGlobalSection
EndGlobal
