
Microsoft Visual Studio Solution File, Format Version 12.00
# Visual Studio Version 16
VisualStudioVersion = 16.0.31624.102
MinimumVisualStudioVersion = 10.0.40219.1
Project("{8BC9CEB8-8B4A-11D0-8D11-00A0C91BC942}") = "lab07", "lab07\lab07.vcxproj", "{BB19F148-CA59-4E60-8EB2-D621E4408DA3}"
EndProject
Global
	GlobalSection(SolutionConfigurationPlatforms) = preSolution
		Debug|x64 = Debug|x64
		Debug|x86 = Debug|x86
		Release|x64 = Release|x64
		Release|x86 = Release|x86
	EndGlobalSection
	GlobalSection(ProjectConfigurationPlatforms) = postSolution
		{BB19F148-CA59-4E60-8EB2-D621E4408DA3}.Debug|x64.ActiveCfg = Debug|x64
		{BB19F148-CA59-4E60-8EB2-D621E4408DA3}.Debug|x64.Build.0 = Debug|x64
		{BB19F148-CA59-4E60-8EB2-D621E4408DA3}.Debug|x86.ActiveCfg = Debug|Win32
		{BB19F148-CA59-4E60-8EB2-D621E4408DA3}.Debug|x86.Build.0 = Debug|Win32
		{BB19F148-CA59-4E60-8EB2-D621E4408DA3}.Release|x64.ActiveCfg = Release|x64
		{BB19F148-CA59-4E60-8EB2-D621E4408DA3}.Release|x64.Build.0 = Release|x64
		{BB19F148-CA59-4E60-8EB2-D621E4408DA3}.Release|x86.ActiveCfg = Release|Win32
		{BB19F148-CA59-4E60-8EB2-D621E4408DA3}.Release|x86.Build.0 = Release|Win32
	EndGlobalSection
	GlobalSection(SolutionProperties) = preSolution
		HideSolutionNode = FALSE
	EndGlobalSection
	GlobalSection(ExtensibilityGlobals) = postSolution
		SolutionGuid = {8A5E135E-767F-4D82-8057-8CB7F0D5FBF4}
	EndGlobalSection
EndGlobal
