
Microsoft Visual Studio Solution File, Format Version 12.00
# Visual Studio Version 17
VisualStudioVersion = 17.3.32825.248
MinimumVisualStudioVersion = 10.0.40219.1
Project("{8BC9CEB8-8B4A-11D0-8D11-00A0C91BC942}") = "SE_Lab_04", "SE_Lab_04\SE_Lab_04.vcxproj", "{76BF1020-BF53-4FBA-B14D-F065B8650F5A}"
EndProject
Project("{8BC9CEB8-8B4A-11D0-8D11-00A0C91BC942}") = "SE_Lab_04_2", "SE_Lab_04_2\SE_Lab_04_2.vcxproj", "{52420125-65A0-49CF-A3E4-85A87D1DF2FD}"
EndProject
Project("{8BC9CEB8-8B4A-11D0-8D11-00A0C91BC942}") = "SE_Lab_04_3", "SE_Lab_04_3\SE_Lab_04_3.vcxproj", "{E317CC85-48AB-4889-9C28-49FF084FA7C4}"
EndProject
Global
	GlobalSection(SolutionConfigurationPlatforms) = preSolution
		Debug|x64 = Debug|x64
		Debug|x86 = Debug|x86
		Release|x64 = Release|x64
		Release|x86 = Release|x86
	EndGlobalSection
	GlobalSection(ProjectConfigurationPlatforms) = postSolution
		{76BF1020-BF53-4FBA-B14D-F065B8650F5A}.Debug|x64.ActiveCfg = Debug|x64
		{76BF1020-BF53-4FBA-B14D-F065B8650F5A}.Debug|x64.Build.0 = Debug|x64
		{76BF1020-BF53-4FBA-B14D-F065B8650F5A}.Debug|x86.ActiveCfg = Debug|Win32
		{76BF1020-BF53-4FBA-B14D-F065B8650F5A}.Debug|x86.Build.0 = Debug|Win32
		{76BF1020-BF53-4FBA-B14D-F065B8650F5A}.Release|x64.ActiveCfg = Release|x64
		{76BF1020-BF53-4FBA-B14D-F065B8650F5A}.Release|x64.Build.0 = Release|x64
		{76BF1020-BF53-4FBA-B14D-F065B8650F5A}.Release|x86.ActiveCfg = Release|Win32
		{76BF1020-BF53-4FBA-B14D-F065B8650F5A}.Release|x86.Build.0 = Release|Win32
		{52420125-65A0-49CF-A3E4-85A87D1DF2FD}.Debug|x64.ActiveCfg = Debug|x64
		{52420125-65A0-49CF-A3E4-85A87D1DF2FD}.Debug|x64.Build.0 = Debug|x64
		{52420125-65A0-49CF-A3E4-85A87D1DF2FD}.Debug|x86.ActiveCfg = Debug|Win32
		{52420125-65A0-49CF-A3E4-85A87D1DF2FD}.Debug|x86.Build.0 = Debug|Win32
		{52420125-65A0-49CF-A3E4-85A87D1DF2FD}.Release|x64.ActiveCfg = Release|x64
		{52420125-65A0-49CF-A3E4-85A87D1DF2FD}.Release|x64.Build.0 = Release|x64
		{52420125-65A0-49CF-A3E4-85A87D1DF2FD}.Release|x86.ActiveCfg = Release|Win32
		{52420125-65A0-49CF-A3E4-85A87D1DF2FD}.Release|x86.Build.0 = Release|Win32
		{E317CC85-48AB-4889-9C28-49FF084FA7C4}.Debug|x64.ActiveCfg = Debug|x64
		{E317CC85-48AB-4889-9C28-49FF084FA7C4}.Debug|x64.Build.0 = Debug|x64
		{E317CC85-48AB-4889-9C28-49FF084FA7C4}.Debug|x86.ActiveCfg = Debug|Win32
		{E317CC85-48AB-4889-9C28-49FF084FA7C4}.Debug|x86.Build.0 = Debug|Win32
		{E317CC85-48AB-4889-9C28-49FF084FA7C4}.Release|x64.ActiveCfg = Release|x64
		{E317CC85-48AB-4889-9C28-49FF084FA7C4}.Release|x64.Build.0 = Release|x64
		{E317CC85-48AB-4889-9C28-49FF084FA7C4}.Release|x86.ActiveCfg = Release|Win32
		{E317CC85-48AB-4889-9C28-49FF084FA7C4}.Release|x86.Build.0 = Release|Win32
	EndGlobalSection
	GlobalSection(SolutionProperties) = preSolution
		HideSolutionNode = FALSE
	EndGlobalSection
	GlobalSection(ExtensibilityGlobals) = postSolution
		SolutionGuid = {AF05C364-CDA8-495D-B028-5AEF8F6BBB62}
	EndGlobalSection
EndGlobal
