
Microsoft Visual Studio Solution File, Format Version 12.00
# Visual Studio Version 17
VisualStudioVersion = 17.7.34031.279
MinimumVisualStudioVersion = 10.0.40219.1
Project("{9A19103F-16F7-4668-BE54-9A1E7A4F7556}") = "lab1a", "lab1\lab1a.csproj", "{F955E9F5-0654-4729-8C07-EBA1BB7CF8BB}"
EndProject
Project("{9A19103F-16F7-4668-BE54-9A1E7A4F7556}") = "WPF_SUM", "WPF_SUM\WPF_SUM.csproj", "{0FADE289-62B0-4F01-B98D-D884E8E1D45E}"
EndProject
Project("{FAE04EC0-301F-11D3-BF4B-00C04F79EFBC}") = "1b", "1b\1b.csproj", "{6CC0529E-8232-4916-B8FD-A31BD5D3EDD7}"
EndProject
Global
	GlobalSection(SolutionConfigurationPlatforms) = preSolution
		Debug|Any CPU = Debug|Any CPU
		Release|Any CPU = Release|Any CPU
	EndGlobalSection
	GlobalSection(ProjectConfigurationPlatforms) = postSolution
		{F955E9F5-0654-4729-8C07-EBA1BB7CF8BB}.Debug|Any CPU.ActiveCfg = Debug|Any CPU
		{F955E9F5-0654-4729-8C07-EBA1BB7CF8BB}.Debug|Any CPU.Build.0 = Debug|Any CPU
		{F955E9F5-0654-4729-8C07-EBA1BB7CF8BB}.Release|Any CPU.ActiveCfg = Release|Any CPU
		{F955E9F5-0654-4729-8C07-EBA1BB7CF8BB}.Release|Any CPU.Build.0 = Release|Any CPU
		{0FADE289-62B0-4F01-B98D-D884E8E1D45E}.Debug|Any CPU.ActiveCfg = Debug|Any CPU
		{0FADE289-62B0-4F01-B98D-D884E8E1D45E}.Debug|Any CPU.Build.0 = Debug|Any CPU
		{0FADE289-62B0-4F01-B98D-D884E8E1D45E}.Release|Any CPU.ActiveCfg = Release|Any CPU
		{0FADE289-62B0-4F01-B98D-D884E8E1D45E}.Release|Any CPU.Build.0 = Release|Any CPU
		{6CC0529E-8232-4916-B8FD-A31BD5D3EDD7}.Debug|Any CPU.ActiveCfg = Debug|Any CPU
		{6CC0529E-8232-4916-B8FD-A31BD5D3EDD7}.Debug|Any CPU.Build.0 = Debug|Any CPU
		{6CC0529E-8232-4916-B8FD-A31BD5D3EDD7}.Release|Any CPU.ActiveCfg = Release|Any CPU
		{6CC0529E-8232-4916-B8FD-A31BD5D3EDD7}.Release|Any CPU.Build.0 = Release|Any CPU
	EndGlobalSection
	GlobalSection(SolutionProperties) = preSolution
		HideSolutionNode = FALSE
	EndGlobalSection
	GlobalSection(ExtensibilityGlobals) = postSolution
		SolutionGuid = {37920385-5832-4D54-BD0A-0E5D4D41D5BF}
	EndGlobalSection
EndGlobal
