
Microsoft Visual Studio Solution File, Format Version 12.00
# Visual Studio Version 17
VisualStudioVersion = 17.3.32825.248
MinimumVisualStudioVersion = 10.0.40219.1
Project("{FAE04EC0-301F-11D3-BF4B-00C04F79EFBC}") = "WinFormsApp2", "WinFormsApp2\WinFormsApp2.csproj", "{179FED79-7068-4DFA-B5C6-973632CD2F2E}"
EndProject
Global
	GlobalSection(SolutionConfigurationPlatforms) = preSolution
		Debug|Any CPU = Debug|Any CPU
		Release|Any CPU = Release|Any CPU
	EndGlobalSection
	GlobalSection(ProjectConfigurationPlatforms) = postSolution
		{179FED79-7068-4DFA-B5C6-973632CD2F2E}.Debug|Any CPU.ActiveCfg = Debug|Any CPU
		{179FED79-7068-4DFA-B5C6-973632CD2F2E}.Debug|Any CPU.Build.0 = Debug|Any CPU
		{179FED79-7068-4DFA-B5C6-973632CD2F2E}.Release|Any CPU.ActiveCfg = Release|Any CPU
		{179FED79-7068-4DFA-B5C6-973632CD2F2E}.Release|Any CPU.Build.0 = Release|Any CPU
	EndGlobalSection
	GlobalSection(SolutionProperties) = preSolution
		HideSolutionNode = FALSE
	EndGlobalSection
	GlobalSection(ExtensibilityGlobals) = postSolution
		SolutionGuid = {BA707BF9-5A32-49C7-B6EA-E62BD696E0DF}
	EndGlobalSection
EndGlobal
