
Microsoft Visual Studio Solution File, Format Version 12.00
# Visual Studio Version 17
VisualStudioVersion = 17.11.35222.181
MinimumVisualStudioVersion = 10.0.40219.1
Project("{FAE04EC0-301F-11D3-BF4B-00C04F79EFBC}") = "06", "PWS_Lab6\06.csproj", "{E4D06305-3201-4A90-9C25-374C74C8C95A}"
EndProject
Project("{FAE04EC0-301F-11D3-BF4B-00C04F79EFBC}") = "client", "web_ws_6\client.csproj", "{72A25F11-4332-4AF4-94AE-F8395755FD73}"
EndProject
Global
	GlobalSection(SolutionConfigurationPlatforms) = preSolution
		Debug|Any CPU = Debug|Any CPU
		Release|Any CPU = Release|Any CPU
	EndGlobalSection
	GlobalSection(ProjectConfigurationPlatforms) = postSolution
		{E4D06305-3201-4A90-9C25-374C74C8C95A}.Debug|Any CPU.ActiveCfg = Debug|Any CPU
		{E4D06305-3201-4A90-9C25-374C74C8C95A}.Debug|Any CPU.Build.0 = Debug|Any CPU
		{E4D06305-3201-4A90-9C25-374C74C8C95A}.Release|Any CPU.ActiveCfg = Release|Any CPU
		{E4D06305-3201-4A90-9C25-374C74C8C95A}.Release|Any CPU.Build.0 = Release|Any CPU
		{72A25F11-4332-4AF4-94AE-F8395755FD73}.Debug|Any CPU.ActiveCfg = Debug|Any CPU
		{72A25F11-4332-4AF4-94AE-F8395755FD73}.Debug|Any CPU.Build.0 = Debug|Any CPU
		{72A25F11-4332-4AF4-94AE-F8395755FD73}.Release|Any CPU.ActiveCfg = Release|Any CPU
		{72A25F11-4332-4AF4-94AE-F8395755FD73}.Release|Any CPU.Build.0 = Release|Any CPU
	EndGlobalSection
	GlobalSection(SolutionProperties) = preSolution
		HideSolutionNode = FALSE
	EndGlobalSection
	GlobalSection(ExtensibilityGlobals) = postSolution
		SolutionGuid = {D2B622A1-002F-4637-B53D-11F71206DDE3}
	EndGlobalSection
EndGlobal
